
Microsoft Visual Studio Solution File, Format Version 12.00
# Visual Studio Version 17
VisualStudioVersion = 17.11.35222.181
MinimumVisualStudioVersion = 10.0.40219.1
Project("{FAE04EC0-301F-11D3-BF4B-00C04F79EFBC}") = "ConsoleApp2", "ConsoleApp2.csproj", "{78165F18-03BF-4B5F-8E93-03EDFCE2B1CF}"
EndProject
Global
	GlobalSection(SolutionConfigurationPlatforms) = preSolution
		Debug|Any CPU = Debug|Any CPU
		Release|Any CPU = Release|Any CPU
	EndGlobalSection
	GlobalSection(ProjectConfigurationPlatforms) = postSolution
		{78165F18-03BF-4B5F-8E93-03EDFCE2B1CF}.Debug|Any CPU.ActiveCfg = Debug|Any CPU
		{78165F18-03BF-4B5F-8E93-03EDFCE2B1CF}.Debug|Any CPU.Build.0 = Debug|Any CPU
		{78165F18-03BF-4B5F-8E93-03EDFCE2B1CF}.Release|Any CPU.ActiveCfg = Release|Any CPU
		{78165F18-03BF-4B5F-8E93-03EDFCE2B1CF}.Release|Any CPU.Build.0 = Release|Any CPU
	EndGlobalSection
	GlobalSection(SolutionProperties) = preSolution
		HideSolutionNode = FALSE
	EndGlobalSection
	GlobalSection(ExtensibilityGlobals) = postSolution
		SolutionGuid = {B602E194-33E1-4DC8-9FB9-C8DFAE1A2433}
	EndGlobalSection
EndGlobal
